// !$*UTF8*$!
{
	archiveVersion = 1;
	classes = {
	};
	objectVersion = 50;
	objects = {

/* Begin PBXBuildFile section */
		25B0B5F0219E794E00EAB79B /* AppDelegate.swift in Sources */ = {isa = PBXBuildFile; fileRef = 25B0B5EF219E794E00EAB79B /* AppDelegate.swift */; };
		25B0B5F2219E794E00EAB79B /* ViewController.swift in Sources */ = {isa = PBXBuildFile; fileRef = 25B0B5F1219E794E00EAB79B /* ViewController.swift */; };
		25B0B5F5219E794E00EAB79B /* Main.storyboard in Resources */ = {isa = PBXBuildFile; fileRef = 25B0B5F3219E794E00EAB79B /* Main.storyboard */; };
		25B0B5F8219E795100EAB79B /* WebData_181116.xcdatamodeld in Sources */ = {isa = PBXBuildFile; fileRef = 25B0B5F6219E795000EAB79B /* WebData_181116.xcdatamodeld */; };
		25B0B5FA219E795900EAB79B /* Assets.xcassets in Resources */ = {isa = PBXBuildFile; fileRef = 25B0B5F9219E795900EAB79B /* Assets.xcassets */; };
		25B0B5FD219E795900EAB79B /* LaunchScreen.storyboard in Resources */ = {isa = PBXBuildFile; fileRef = 25B0B5FB219E795900EAB79B /* LaunchScreen.storyboard */; };
/* End PBXBuildFile section */

/* Begin PBXFileReference section */
		25B0B5EC219E794D00EAB79B /* WebData.181116.app */ = {isa = PBXFileReference; explicitFileType = wrapper.application; includeInIndex = 0; path = WebData.181116.app; sourceTree = BUILT_PRODUCTS_DIR; };
		25B0B5EF219E794E00EAB79B /* AppDelegate.swift */ = {isa = PBXFileReference; lastKnownFileType = sourcecode.swift; path = AppDelegate.swift; sourceTree = "<group>"; };
		25B0B5F1219E794E00EAB79B /* ViewController.swift */ = {isa = PBXFileReference; lastKnownFileType = sourcecode.swift; path = ViewController.swift; sourceTree = "<group>"; };
		25B0B5F4219E794E00EAB79B /* Base */ = {isa = PBXFileReference; lastKnownFileType = file.storyboard; name = Base; path = Base.lproj/Main.storyboard; sourceTree = "<group>"; };
		25B0B5F7219E795000EAB79B /* WebData_181116.xcdatamodel */ = {isa = PBXFileReference; lastKnownFileType = wrapper.xcdatamodel; path = WebData_181116.xcdatamodel; sourceTree = "<group>"; };
		25B0B5F9219E795900EAB79B /* Assets.xcassets */ = {isa = PBXFileReference; lastKnownFileType = folder.assetcatalog; path = Assets.xcassets; sourceTree = "<group>"; };
		25B0B5FC219E795900EAB79B /* Base */ = {isa = PBXFileReference; lastKnownFileType = file.storyboard; name = Base; path = Base.lproj/LaunchScreen.storyboard; sourceTree = "<group>"; };
		25B0B5FE219E795900EAB79B /* Info.plist */ = {isa = PBXFileReference; lastKnownFileType = text.plist.xml; path = Info.plist; sourceTree = "<group>"; };
/* End PBXFileReference section */

/* Begin PBXFrameworksBuildPhase section */
		25B0B5E9219E794D00EAB79B /* Frameworks */ = {
			isa = PBXFrameworksBuildPhase;
			buildActionMask = 2147483647;
			files = (
			);
			runOnlyForDeploymentPostprocessing = 0;
		};
/* End PBXFrameworksBuildPhase section */

/* Begin PBXGroup section */
		25B0B5E3219E794D00EAB79B = {
			isa = PBXGroup;
			children = (
				25B0B5EE219E794D00EAB79B /* WebData.181116 */,
				25B0B5ED219E794D00EAB79B /* Products */,
			);
			sourceTree = "<group>";
		};
		25B0B5ED219E794D00EAB79B /* Products */ = {
			isa = PBXGroup;
			children = (
				25B0B5EC219E794D00EAB79B /* WebData.181116.app */,
			);
			name = Products;
			sourceTree = "<group>";
		};
		25B0B5EE219E794D00EAB79B /* WebData.181116 */ = {
			isa = PBXGroup;
			children = (
				25B0B5EF219E794E00EAB79B /* AppDelegate.swift */,
				25B0B5F1219E794E00EAB79B /* ViewController.swift */,
				25B0B5F3219E794E00EAB79B /* Main.storyboard */,
				25B0B5F9219E795900EAB79B /* Assets.xcassets */,
				25B0B5FB219E795900EAB79B /* LaunchScreen.storyboard */,
				25B0B5FE219E795900EAB79B /* Info.plist */,
				25B0B5F6219E795000EAB79B /* WebData_181116.xcdatamodeld */,
			);
			path = WebData.181116;
			sourceTree = "<group>";
		};
/* End PBXGroup section */

/* Begin PBXNativeTarget section */
		25B0B5EB219E794D00EAB79B /* WebData.181116 */ = {
			isa = PBXNativeTarget;
			buildConfigurationList = 25B0B601219E795900EAB79B /* Build configuration list for PBXNativeTarget "WebData.181116" */;
			buildPhases = (
				25B0B5E8219E794D00EAB79B /* Sources */,
				25B0B5E9219E794D00EAB79B /* Frameworks */,
				25B0B5EA219E794D00EAB79B /* Resources */,
			);
			buildRules = (
			);
			dependencies = (
			);
			name = WebData.181116;
			productName = WebData.181116;
			productReference = 25B0B5EC219E794D00EAB79B /* WebData.181116.app */;
			productType = "com.apple.product-type.application";
		};
/* End PBXNativeTarget section */

/* Begin PBXProject section */
		25B0B5E4219E794D00EAB79B /* Project object */ = {
			isa = PBXProject;
			attributes = {
				LastSwiftUpdateCheck = 1010;
				LastUpgradeCheck = 1010;
				ORGANIZATIONNAME = "TaeMin Bang";
				TargetAttributes = {
					25B0B5EB219E794D00EAB79B = {
						CreatedOnToolsVersion = 10.1;
					};
				};
			};
			buildConfigurationList = 25B0B5E7219E794D00EAB79B /* Build configuration list for PBXProject "WebData.181116" */;
			compatibilityVersion = "Xcode 9.3";
			developmentRegion = en;
			hasScannedForEncodings = 0;
			knownRegions = (
				en,
				Base,
			);
			mainGroup = 25B0B5E3219E794D00EAB79B;
			productRefGroup = 25B0B5ED219E794D00EAB79B /* Products */;
			projectDirPath = "";
			projectRoot = "";
			targets = (
				25B0B5EB219E794D00EAB79B /* WebData.181116 */,
			);
		};
/* End PBXProject section */

/* Begin PBXResourcesBuildPhase section */
		25B0B5EA219E794D00EAB79B /* Resources */ = {
			isa = PBXResourcesBuildPhase;
			buildActionMask = 2147483647;
			files = (
				25B0B5FD219E795900EAB79B /* LaunchScreen.storyboard in Resources */,
				25B0B5FA219E795900EAB79B /* Assets.xcassets in Resources */,
				25B0B5F5219E794E00EAB79B /* Main.storyboard in Resources */,
			);
			runOnlyForDeploymentPostprocessing = 0;
		};
/* End PBXResourcesBuildPhase section */

/* Begin PBXSourcesBuildPhase section */
		25B0B5E8219E794D00EAB79B /* Sources */ = {
			isa = PBXSourcesBuildPhase;
			buildActionMask = 2147483647;
			files = (
				25B0B5F8219E795100EAB79B /* WebData_181116.xcdatamodeld in Sources */,
				25B0B5F2219E794E00EAB79B /* ViewController.swift in Sources */,
				25B0B5F0219E794E00EAB79B /* AppDelegate.swift in Sources */,
			);
			runOnlyForDeploymentPostprocessing = 0;
		};
/* End PBXSourcesBuildPhase section */

/* Begin PBXVariantGroup section */
		25B0B5F3219E794E00EAB79B /* Main.storyboard */ = {
			isa = PBXVariantGroup;
			children = (
				25B0B5F4219E794E00EAB79B /* Base */,
			);
			name = Main.storyboard;
			sourceTree = "<group>";
		};
		25B0B5FB219E795900EAB79B /* LaunchScreen.storyboard */ = {
			isa = PBXVariantGroup;
			children = (
				25B0B5FC219E795900EAB79B /* Base */,
			);
			name = LaunchScreen.storyboard;
			sourceTree = "<group>";
		};
/* End PBXVariantGroup section */

/* Begin XCBuildConfiguration section */
		25B0B5FF219E795900EAB79B /* Debug */ = {
			isa = XCBuildConfiguration;
			buildSettings = {
				ALWAYS_SEARCH_USER_PATHS = NO;
				CLANG_ANALYZER_NONNULL = YES;
				CLANG_ANALYZER_NUMBER_OBJECT_CONVERSION = YES_AGGRESSIVE;
				CLANG_CXX_LANGUAGE_STANDARD = "gnu++14";
				CLANG_CXX_LIBRARY = "libc++";
				CLANG_ENABLE_MODULES = YES;
				CLANG_ENABLE_OBJC_ARC = YES;
				CLANG_ENABLE_OBJC_WEAK = YES;
				CLANG_WARN_BLOCK_CAPTURE_AUTORELEASING = YES;
				CLANG_WARN_BOOL_CONVERSION = YES;
				CLANG_WARN_COMMA = YES;
				CLANG_WARN_CONSTANT_CONVERSION = YES;
				CLANG_WARN_DEPRECATED_OBJC_IMPLEMENTATIONS = YES;
				CLANG_WARN_DIRECT_OBJC_ISA_USAGE = YES_ERROR;
				CLANG_WARN_DOCUMENTATION_COMMENTS = YES;
				CLANG_WARN_EMPTY_BODY = YES;
				CLANG_WARN_ENUM_CONVERSION = YES;
				CLANG_WARN_INFINITE_RECURSION = YES;
				CLANG_WARN_INT_CONVERSION = YES;
				CLANG_WARN_NON_LITERAL_NULL_CONVERSION = YES;
				CLANG_WARN_OBJC_IMPLICIT_RETAIN_SELF = YES;
				CLANG_WARN_OBJC_LITERAL_CONVERSION = YES;
				CLANG_WARN_OBJC_ROOT_CLASS = YES_ERROR;
				CLANG_WARN_RANGE_LOOP_ANALYSIS = YES;
				CLANG_WARN_STRICT_PROTOTYPES = YES;
				CLANG_WARN_SUSPICIOUS_MOVE = YES;
				CLANG_WARN_UNGUARDED_AVAILABILITY = YES_AGGRESSIVE;
				CLANG_WARN_UNREACHABLE_CODE = YES;
				CLANG_WARN__DUPLICATE_METHOD_MATCH = YES;
				CODE_SIGN_IDENTITY = "iPhone Developer";
				COPY_PHASE_STRIP = NO;
				DEBUG_INFORMATION_FORMAT = dwarf;
				ENABLE_STRICT_OBJC_MSGSEND = YES;
				ENABLE_TESTABILITY = YES;
				GCC_C_LANGUAGE_STANDARD = gnu11;
				GCC_DYNAMIC_NO_PIC = NO;
				GCC_NO_COMMON_BLOCKS = YES;
				GCC_OPTIMIZATION_LEVEL = 0;
				GCC_PREPROCESSOR_DEFINITIONS = (
					"DEBUG=1",
					"$(inherited)",
				);
				GCC_WARN_64_TO_32_BIT_CONVERSION = YES;
				GCC_WARN_ABOUT_RETURN_TYPE = YES_ERROR;
				GCC_WARN_UNDECLARED_SELECTOR = YES;
				GCC_WARN_UNINITIALIZED_AUTOS = YES_AGGRESSIVE;
				GCC_WARN_UNUSED_FUNCTION = YES;
				GCC_WARN_UNUSED_VARIABLE = YES;
				IPHONEOS_DEPLOYMENT_TARGET = 12.1;
				MTL_ENABLE_DEBUG_INFO = INCLUDE_SOURCE;
				MTL_FAST_MATH = YES;
				ONLY_ACTIVE_ARCH = YES;
				SDKROOT = iphoneos;
				SWIFT_ACTIVE_COMPILATION_CONDITIONS = DEBUG;
				SWIFT_OPTIMIZATION_LEVEL = "-Onone";
			};
			name = Debug;
		};
		25B0B600219E795900EAB79B /* Release */ = {
			isa = XCBuildConfiguration;
			buildSettings = {
				ALWAYS_SEARCH_USER_PATHS = NO;
				CLANG_ANALYZER_NONNULL = YES;
				CLANG_ANALYZER_NUMBER_OBJECT_CONVERSION = YES_AGGRESSIVE;
				CLANG_CXX_LANGUAGE_STANDARD = "gnu++14";
				CLANG_CXX_LIBRARY = "libc++";
				CLANG_ENABLE_MODULES = YES;
				CLANG_ENABLE_OBJC_ARC = YES;
				CLANG_ENABLE_OBJC_WEAK = YES;
				CLANG_WARN_BLOCK_CAPTURE_AUTORELEASING = YES;
				CLANG_WARN_BOOL_CONVERSION = YES;
				CLANG_WARN_COMMA = YES;
				CLANG_WARN_CONSTANT_CONVERSION = YES;
				CLANG_WARN_DEPRECATED_OBJC_IMPLEMENTATIONS = YES;
				CLANG_WARN_DIRECT_OBJC_ISA_USAGE = YES_ERROR;
				CLANG_WARN_DOCUMENTATION_COMMENTS = YES;
				CLANG_WARN_EMPTY_BODY = YES;
				CLANG_WARN_ENUM_CONVERSION = YES;
				CLANG_WARN_INFINITE_RECURSION = YES;
				CLANG_WARN_INT_CONVERSION = YES;
				CLANG_WARN_NON_LITERAL_NULL_CONVERSION = YES;
				CLANG_WARN_OBJC_IMPLICIT_RETAIN_SELF = YES;
				CLANG_WARN_OBJC_LITERAL_CONVERSION = YES;
				CLANG_WARN_OBJC_ROOT_CLASS = YES_ERROR;
				CLANG_WARN_RANGE_LOOP_ANALYSIS = YES;
				CLANG_WARN_STRICT_PROTOTYPES = YES;
				CLANG_WARN_SUSPICIOUS_MOVE = YES;
				CLANG_WARN_UNGUARDED_AVAILABILITY = YES_AGGRESSIVE;
				CLANG_WARN_UNREACHABLE_CODE = YES;
				CLANG_WARN__DUPLICATE_METHOD_MATCH = YES;
				CODE_SIGN_IDENTITY = "iPhone Developer";
				COPY_PHASE_STRIP = NO;
				DEBUG_INFORMATION_FORMAT = "dwarf-with-dsym";
				ENABLE_NS_ASSERTIONS = NO;
				ENABLE_STRICT_OBJC_MSGSEND = YES;
				GCC_C_LANGUAGE_STANDARD = gnu11;
				GCC_NO_COMMON_BLOCKS = YES;
				GCC_WARN_64_TO_32_BIT_CONVERSION = YES;
				GCC_WARN_ABOUT_RETURN_TYPE = YES_ERROR;
				GCC_WARN_UNDECLARED_SELECTOR = YES;
				GCC_WARN_UNINITIALIZED_AUTOS = YES_AGGRESSIVE;
				GCC_WARN_UNUSED_FUNCTION = YES;
				GCC_WARN_UNUSED_VARIABLE = YES;
				IPHONEOS_DEPLOYMENT_TARGET = 12.1;
				MTL_ENABLE_DEBUG_INFO = NO;
				MTL_FAST_MATH = YES;
				SDKROOT = iphoneos;
				SWIFT_COMPILATION_MODE = wholemodule;
				SWIFT_OPTIMIZATION_LEVEL = "-O";
				VALIDATE_PRODUCT = YES;
			};
			name = Release;
		};
		25B0B602219E795900EAB79B /* Debug */ = {
			isa = XCBuildConfiguration;
			buildSettings = {
				ASSETCATALOG_COMPILER_APPICON_NAME = AppIcon;
				CODE_SIGN_STYLE = Automatic;
				INFOPLIST_FILE = WebData.181116/Info.plist;
				LD_RUNPATH_SEARCH_PATHS = (
					"$(inherited)",
					"@executable_path/Frameworks",
				);
				PRODUCT_BUNDLE_IDENTIFIER = "gmail.ITeaBang.WebData-181116";
				PRODUCT_NAME = "$(TARGET_NAME)";
				SWIFT_VERSION = 4.2;
				TARGETED_DEVICE_FAMILY = "1,2";
			};
			name = Debug;
		};
		25B0B603219E795900EAB79B /* Release */ = {
			isa = XCBuildConfiguration;
			buildSettings = {
				ASSETCATALOG_COMPILER_APPICON_NAME = AppIcon;
				CODE_SIGN_STYLE = Automatic;
				INFOPLIST_FILE = WebData.181116/Info.plist;
				LD_RUNPATH_SEARCH_PATHS = (
					"$(inherited)",
					"@executable_path/Frameworks",
				);
				PRODUCT_BUNDLE_IDENTIFIER = "gmail.ITeaBang.WebData-181116";
				PRODUCT_NAME = "$(TARGET_NAME)";
				SWIFT_VERSION = 4.2;
				TARGETED_DEVICE_FAMILY = "1,2";
			};
			name = Release;
		};
/* End XCBuildConfiguration section */

/* Begin XCConfigurationList section */
		25B0B5E7219E794D00EAB79B /* Build configuration list for PBXProject "WebData.181116" */ = {
			isa = XCConfigurationList;
			buildConfigurations = (
				25B0B5FF219E795900EAB79B /* Debug */,
				25B0B600219E795900EAB79B /* Release */,
			);
			defaultConfigurationIsVisible = 0;
			defaultConfigurationName = Release;
		};
		25B0B601219E795900EAB79B /* Build configuration list for PBXNativeTarget "WebData.181116" */ = {
			isa = XCConfigurationList;
			buildConfigurations = (
				25B0B602219E795900EAB79B /* Debug */,
				25B0B603219E795900EAB79B /* Release */,
			);
			defaultConfigurationIsVisible = 0;
			defaultConfigurationName = Release;
		};
/* End XCConfigurationList section */

/* Begin XCVersionGroup section */
		25B0B5F6219E795000EAB79B /* WebData_181116.xcdatamodeld */ = {
			isa = XCVersionGroup;
			children = (
				25B0B5F7219E795000EAB79B /* WebData_181116.xcdatamodel */,
			);
			currentVersion = 25B0B5F7219E795000EAB79B /* WebData_181116.xcdatamodel */;
			path = WebData_181116.xcdatamodeld;
			sourceTree = "<group>";
			versionGroupType = wrapper.xcdatamodel;
		};
/* End XCVersionGroup section */
	};
	rootObject = 25B0B5E4219E794D00EAB79B /* Project object */;
}
